
Microsoft Visual Studio Solution File, Format Version 12.00
# Visual Studio Version 17
VisualStudioVersion = 17.9.34728.123
MinimumVisualStudioVersion = 10.0.40219.1
Project("{FAE04EC0-301F-11D3-BF4B-00C04F79EFBC}") = "TrackerLibrary", "TrackerLibrary\TrackerLibrary.csproj", "{4DD4909F-E47C-4C96-B4B2-214554B00964}"
EndProject
Project("{FAE04EC0-301F-11D3-BF4B-00C04F79EFBC}") = "TrackerUI", "TrackerUI\TrackerUI.csproj", "{BA80FFE0-A58C-432E-B7F8-99C554205F0B}"
EndProject
Global
	GlobalSection(SolutionConfigurationPlatforms) = preSolution
		Debug|Any CPU = Debug|Any CPU
		Release|Any CPU = Release|Any CPU
	EndGlobalSection
	GlobalSection(ProjectConfigurationPlatforms) = postSolution
		{4DD4909F-E47C-4C96-B4B2-214554B00964}.Debug|Any CPU.ActiveCfg = Debug|Any CPU
		{4DD4909F-E47C-4C96-B4B2-214554B00964}.Debug|Any CPU.Build.0 = Debug|Any CPU
		{4DD4909F-E47C-4C96-B4B2-214554B00964}.Release|Any CPU.ActiveCfg = Release|Any CPU
		{4DD4909F-E47C-4C96-B4B2-214554B00964}.Release|Any CPU.Build.0 = Release|Any CPU
		{BA80FFE0-A58C-432E-B7F8-99C554205F0B}.Debug|Any CPU.ActiveCfg = Debug|Any CPU
		{BA80FFE0-A58C-432E-B7F8-99C554205F0B}.Debug|Any CPU.Build.0 = Debug|Any CPU
		{BA80FFE0-A58C-432E-B7F8-99C554205F0B}.Release|Any CPU.ActiveCfg = Release|Any CPU
		{BA80FFE0-A58C-432E-B7F8-99C554205F0B}.Release|Any CPU.Build.0 = Release|Any CPU
	EndGlobalSection
	GlobalSection(SolutionProperties) = preSolution
		HideSolutionNode = FALSE
	EndGlobalSection
	GlobalSection(ExtensibilityGlobals) = postSolution
		SolutionGuid = {7F597B6B-39D7-4D9E-AD6D-F2669F641433}
	EndGlobalSection
EndGlobal
